// !$*UTF8*$!
{
	archiveVersion = 1;
	classes = {
	};
	objectVersion = 55;
	objects = {

/* Begin PBXBuildFile section */
		3AD808BA284F6E09000EA4D4 /* AppDelegate.swift in Sources */ = {isa = PBXBuildFile; fileRef = 3AD808B9284F6E09000EA4D4 /* AppDelegate.swift */; };
		3AD808BC284F6E09000EA4D4 /* SceneDelegate.swift in Sources */ = {isa = PBXBuildFile; fileRef = 3AD808BB284F6E09000EA4D4 /* SceneDelegate.swift */; };
		3AD808BE284F6E09000EA4D4 /* ViewController.swift in Sources */ = {isa = PBXBuildFile; fileRef = 3AD808BD284F6E09000EA4D4 /* ViewController.swift */; };
		3AD808C1284F6E09000EA4D4 /* Main.storyboard in Resources */ = {isa = PBXBuildFile; fileRef = 3AD808BF284F6E09000EA4D4 /* Main.storyboard */; };
		3AD808C3284F6E0B000EA4D4 /* Assets.xcassets in Resources */ = {isa = PBXBuildFile; fileRef = 3AD808C2284F6E0B000EA4D4 /* Assets.xcassets */; };
		3AD808C6284F6E0B000EA4D4 /* LaunchScreen.storyboard in Resources */ = {isa = PBXBuildFile; fileRef = 3AD808C4284F6E0B000EA4D4 /* LaunchScreen.storyboard */; };
		3AD808D1284F6E0C000EA4D4 /* NetworkLayerTests.swift in Sources */ = {isa = PBXBuildFile; fileRef = 3AD808D0284F6E0C000EA4D4 /* NetworkLayerTests.swift */; };
		3AD808DB284F6E0C000EA4D4 /* NetworkLayerUITests.swift in Sources */ = {isa = PBXBuildFile; fileRef = 3AD808DA284F6E0C000EA4D4 /* NetworkLayerUITests.swift */; };
		3AD808DD284F6E0C000EA4D4 /* NetworkLayerUITestsLaunchTests.swift in Sources */ = {isa = PBXBuildFile; fileRef = 3AD808DC284F6E0C000EA4D4 /* NetworkLayerUITestsLaunchTests.swift */; };
/* End PBXBuildFile section */

/* Begin PBXContainerItemProxy section */
		3AD808CD284F6E0C000EA4D4 /* PBXContainerItemProxy */ = {
			isa = PBXContainerItemProxy;
			containerPortal = 3AD808AE284F6E09000EA4D4 /* Project object */;
			proxyType = 1;
			remoteGlobalIDString = 3AD808B5284F6E09000EA4D4;
			remoteInfo = NetworkLayer;
		};
		3AD808D7284F6E0C000EA4D4 /* PBXContainerItemProxy */ = {
			isa = PBXContainerItemProxy;
			containerPortal = 3AD808AE284F6E09000EA4D4 /* Project object */;
			proxyType = 1;
			remoteGlobalIDString = 3AD808B5284F6E09000EA4D4;
			remoteInfo = NetworkLayer;
		};
/* End PBXContainerItemProxy section */

/* Begin PBXFileReference section */
		3AD808B6284F6E09000EA4D4 /* NetworkLayer.app */ = {isa = PBXFileReference; explicitFileType = wrapper.application; includeInIndex = 0; path = NetworkLayer.app; sourceTree = BUILT_PRODUCTS_DIR; };
		3AD808B9284F6E09000EA4D4 /* AppDelegate.swift */ = {isa = PBXFileReference; lastKnownFileType = sourcecode.swift; path = AppDelegate.swift; sourceTree = "<group>"; };
		3AD808BB284F6E09000EA4D4 /* SceneDelegate.swift */ = {isa = PBXFileReference; lastKnownFileType = sourcecode.swift; path = SceneDelegate.swift; sourceTree = "<group>"; };
		3AD808BD284F6E09000EA4D4 /* ViewController.swift */ = {isa = PBXFileReference; lastKnownFileType = sourcecode.swift; path = ViewController.swift; sourceTree = "<group>"; };
		3AD808C0284F6E09000EA4D4 /* Base */ = {isa = PBXFileReference; lastKnownFileType = file.storyboard; name = Base; path = Base.lproj/Main.storyboard; sourceTree = "<group>"; };
		3AD808C2284F6E0B000EA4D4 /* Assets.xcassets */ = {isa = PBXFileReference; lastKnownFileType = folder.assetcatalog; path = Assets.xcassets; sourceTree = "<group>"; };
		3AD808C5284F6E0B000EA4D4 /* Base */ = {isa = PBXFileReference; lastKnownFileType = file.storyboard; name = Base; path = Base.lproj/LaunchScreen.storyboard; sourceTree = "<group>"; };
		3AD808C7284F6E0B000EA4D4 /* Info.plist */ = {isa = PBXFileReference; lastKnownFileType = text.plist.xml; path = Info.plist; sourceTree = "<group>"; };
		3AD808CC284F6E0C000EA4D4 /* NetworkLayerTests.xctest */ = {isa = PBXFileReference; explicitFileType = wrapper.cfbundle; includeInIndex = 0; path = NetworkLayerTests.xctest; sourceTree = BUILT_PRODUCTS_DIR; };
		3AD808D0284F6E0C000EA4D4 /* NetworkLayerTests.swift */ = {isa = PBXFileReference; lastKnownFileType = sourcecode.swift; path = NetworkLayerTests.swift; sourceTree = "<group>"; };
		3AD808D6284F6E0C000EA4D4 /* NetworkLayerUITests.xctest */ = {isa = PBXFileReference; explicitFileType = wrapper.cfbundle; includeInIndex = 0; path = NetworkLayerUITests.xctest; sourceTree = BUILT_PRODUCTS_DIR; };
		3AD808DA284F6E0C000EA4D4 /* NetworkLayerUITests.swift */ = {isa = PBXFileReference; lastKnownFileType = sourcecode.swift; path = NetworkLayerUITests.swift; sourceTree = "<group>"; };
		3AD808DC284F6E0C000EA4D4 /* NetworkLayerUITestsLaunchTests.swift */ = {isa = PBXFileReference; lastKnownFileType = sourcecode.swift; path = NetworkLayerUITestsLaunchTests.swift; sourceTree = "<group>"; };
/* End PBXFileReference section */

/* Begin PBXFrameworksBuildPhase section */
		3AD808B3284F6E09000EA4D4 /* Frameworks */ = {
			isa = PBXFrameworksBuildPhase;
			buildActionMask = 2147483647;
			files = (
			);
			runOnlyForDeploymentPostprocessing = 0;
		};
		3AD808C9284F6E0C000EA4D4 /* Frameworks */ = {
			isa = PBXFrameworksBuildPhase;
			buildActionMask = 2147483647;
			files = (
			);
			runOnlyForDeploymentPostprocessing = 0;
		};
		3AD808D3284F6E0C000EA4D4 /* Frameworks */ = {
			isa = PBXFrameworksBuildPhase;
			buildActionMask = 2147483647;
			files = (
			);
			runOnlyForDeploymentPostprocessing = 0;
		};
/* End PBXFrameworksBuildPhase section */

/* Begin PBXGroup section */
		3AD808AD284F6E09000EA4D4 = {
			isa = PBXGroup;
			children = (
				3AD808B8284F6E09000EA4D4 /* NetworkLayer */,
				3AD808CF284F6E0C000EA4D4 /* NetworkLayerTests */,
				3AD808D9284F6E0C000EA4D4 /* NetworkLayerUITests */,
				3AD808B7284F6E09000EA4D4 /* Products */,
			);
			sourceTree = "<group>";
		};
		3AD808B7284F6E09000EA4D4 /* Products */ = {
			isa = PBXGroup;
			children = (
				3AD808B6284F6E09000EA4D4 /* NetworkLayer.app */,
				3AD808CC284F6E0C000EA4D4 /* NetworkLayerTests.xctest */,
				3AD808D6284F6E0C000EA4D4 /* NetworkLayerUITests.xctest */,
			);
			name = Products;
			sourceTree = "<group>";
		};
		3AD808B8284F6E09000EA4D4 /* NetworkLayer */ = {
			isa = PBXGroup;
			children = (
				3AD808B9284F6E09000EA4D4 /* AppDelegate.swift */,
				3AD808BB284F6E09000EA4D4 /* SceneDelegate.swift */,
				3AD808BD284F6E09000EA4D4 /* ViewController.swift */,
				3AD808BF284F6E09000EA4D4 /* Main.storyboard */,
				3AD808C2284F6E0B000EA4D4 /* Assets.xcassets */,
				3AD808C4284F6E0B000EA4D4 /* LaunchScreen.storyboard */,
				3AD808C7284F6E0B000EA4D4 /* Info.plist */,
			);
			path = NetworkLayer;
			sourceTree = "<group>";
		};
		3AD808CF284F6E0C000EA4D4 /* NetworkLayerTests */ = {
			isa = PBXGroup;
			children = (
				3AD808D0284F6E0C000EA4D4 /* NetworkLayerTests.swift */,
			);
			path = NetworkLayerTests;
			sourceTree = "<group>";
		};
		3AD808D9284F6E0C000EA4D4 /* NetworkLayerUITests */ = {
			isa = PBXGroup;
			children = (
				3AD808DA284F6E0C000EA4D4 /* NetworkLayerUITests.swift */,
				3AD808DC284F6E0C000EA4D4 /* NetworkLayerUITestsLaunchTests.swift */,
			);
			path = NetworkLayerUITests;
			sourceTree = "<group>";
		};
/* End PBXGroup section */

/* Begin PBXNativeTarget section */
		3AD808B5284F6E09000EA4D4 /* NetworkLayer */ = {
			isa = PBXNativeTarget;
			buildConfigurationList = 3AD808E0284F6E0C000EA4D4 /* Build configuration list for PBXNativeTarget "NetworkLayer" */;
			buildPhases = (
				3AD808B2284F6E09000EA4D4 /* Sources */,
				3AD808B3284F6E09000EA4D4 /* Frameworks */,
				3AD808B4284F6E09000EA4D4 /* Resources */,
			);
			buildRules = (
			);
			dependencies = (
			);
			name = NetworkLayer;
			productName = NetworkLayer;
			productReference = 3AD808B6284F6E09000EA4D4 /* NetworkLayer.app */;
			productType = "com.apple.product-type.application";
		};
		3AD808CB284F6E0C000EA4D4 /* NetworkLayerTests */ = {
			isa = PBXNativeTarget;
			buildConfigurationList = 3AD808E3284F6E0C000EA4D4 /* Build configuration list for PBXNativeTarget "NetworkLayerTests" */;
			buildPhases = (
				3AD808C8284F6E0C000EA4D4 /* Sources */,
				3AD808C9284F6E0C000EA4D4 /* Frameworks */,
				3AD808CA284F6E0C000EA4D4 /* Resources */,
			);
			buildRules = (
			);
			dependencies = (
				3AD808CE284F6E0C000EA4D4 /* PBXTargetDependency */,
			);
			name = NetworkLayerTests;
			productName = NetworkLayerTests;
			productReference = 3AD808CC284F6E0C000EA4D4 /* NetworkLayerTests.xctest */;
			productType = "com.apple.product-type.bundle.unit-test";
		};
		3AD808D5284F6E0C000EA4D4 /* NetworkLayerUITests */ = {
			isa = PBXNativeTarget;
			buildConfigurationList = 3AD808E6284F6E0C000EA4D4 /* Build configuration list for PBXNativeTarget "NetworkLayerUITests" */;
			buildPhases = (
				3AD808D2284F6E0C000EA4D4 /* Sources */,
				3AD808D3284F6E0C000EA4D4 /* Frameworks */,
				3AD808D4284F6E0C000EA4D4 /* Resources */,
			);
			buildRules = (
			);
			dependencies = (
				3AD808D8284F6E0C000EA4D4 /* PBXTargetDependency */,
			);
			name = NetworkLayerUITests;
			productName = NetworkLayerUITests;
			productReference = 3AD808D6284F6E0C000EA4D4 /* NetworkLayerUITests.xctest */;
			productType = "com.apple.product-type.bundle.ui-testing";
		};
/* End PBXNativeTarget section */

/* Begin PBXProject section */
		3AD808AE284F6E09000EA4D4 /* Project object */ = {
			isa = PBXProject;
			attributes = {
				BuildIndependentTargetsInParallel = 1;
				LastSwiftUpdateCheck = 1330;
				LastUpgradeCheck = 1330;
				TargetAttributes = {
					3AD808B5284F6E09000EA4D4 = {
						CreatedOnToolsVersion = 13.3.1;
					};
					3AD808CB284F6E0C000EA4D4 = {
						CreatedOnToolsVersion = 13.3.1;
						TestTargetID = 3AD808B5284F6E09000EA4D4;
					};
					3AD808D5284F6E0C000EA4D4 = {
						CreatedOnToolsVersion = 13.3.1;
						TestTargetID = 3AD808B5284F6E09000EA4D4;
					};
				};
			};
			buildConfigurationList = 3AD808B1284F6E09000EA4D4 /* Build configuration list for PBXProject "NetworkLayer" */;
			compatibilityVersion = "Xcode 13.0";
			developmentRegion = en;
			hasScannedForEncodings = 0;
			knownRegions = (
				en,
				Base,
			);
			mainGroup = 3AD808AD284F6E09000EA4D4;
			productRefGroup = 3AD808B7284F6E09000EA4D4 /* Products */;
			projectDirPath = "";
			projectRoot = "";
			targets = (
				3AD808B5284F6E09000EA4D4 /* NetworkLayer */,
				3AD808CB284F6E0C000EA4D4 /* NetworkLayerTests */,
				3AD808D5284F6E0C000EA4D4 /* NetworkLayerUITests */,
			);
		};
/* End PBXProject section */

/* Begin PBXResourcesBuildPhase section */
		3AD808B4284F6E09000EA4D4 /* Resources */ = {
			isa = PBXResourcesBuildPhase;
			buildActionMask = 2147483647;
			files = (
				3AD808C6284F6E0B000EA4D4 /* LaunchScreen.storyboard in Resources */,
				3AD808C3284F6E0B000EA4D4 /* Assets.xcassets in Resources */,
				3AD808C1284F6E09000EA4D4 /* Main.storyboard in Resources */,
			);
			runOnlyForDeploymentPostprocessing = 0;
		};
		3AD808CA284F6E0C000EA4D4 /* Resources */ = {
			isa = PBXResourcesBuildPhase;
			buildActionMask = 2147483647;
			files = (
			);
			runOnlyForDeploymentPostprocessing = 0;
		};
		3AD808D4284F6E0C000EA4D4 /* Resources */ = {
			isa = PBXResourcesBuildPhase;
			buildActionMask = 2147483647;
			files = (
			);
			runOnlyForDeploymentPostprocessing = 0;
		};
/* End PBXResourcesBuildPhase section */

/* Begin PBXSourcesBuildPhase section */
		3AD808B2284F6E09000EA4D4 /* Sources */ = {
			isa = PBXSourcesBuildPhase;
			buildActionMask = 2147483647;
			files = (
				3AD808BE284F6E09000EA4D4 /* ViewController.swift in Sources */,
				3AD808BA284F6E09000EA4D4 /* AppDelegate.swift in Sources */,
				3AD808BC284F6E09000EA4D4 /* SceneDelegate.swift in Sources */,
			);
			runOnlyForDeploymentPostprocessing = 0;
		};
		3AD808C8284F6E0C000EA4D4 /* Sources */ = {
			isa = PBXSourcesBuildPhase;
			buildActionMask = 2147483647;
			files = (
				3AD808D1284F6E0C000EA4D4 /* NetworkLayerTests.swift in Sources */,
			);
			runOnlyForDeploymentPostprocessing = 0;
		};
		3AD808D2284F6E0C000EA4D4 /* Sources */ = {
			isa = PBXSourcesBuildPhase;
			buildActionMask = 2147483647;
			files = (
				3AD808DB284F6E0C000EA4D4 /* NetworkLayerUITests.swift in Sources */,
				3AD808DD284F6E0C000EA4D4 /* NetworkLayerUITestsLaunchTests.swift in Sources */,
			);
			runOnlyForDeploymentPostprocessing = 0;
		};
/* End PBXSourcesBuildPhase section */

/* Begin PBXTargetDependency section */
		3AD808CE284F6E0C000EA4D4 /* PBXTargetDependency */ = {
			isa = PBXTargetDependency;
			target = 3AD808B5284F6E09000EA4D4 /* NetworkLayer */;
			targetProxy = 3AD808CD284F6E0C000EA4D4 /* PBXContainerItemProxy */;
		};
		3AD808D8284F6E0C000EA4D4 /* PBXTargetDependency */ = {
			isa = PBXTargetDependency;
			target = 3AD808B5284F6E09000EA4D4 /* NetworkLayer */;
			targetProxy = 3AD808D7284F6E0C000EA4D4 /* PBXContainerItemProxy */;
		};
/* End PBXTargetDependency section */

/* Begin PBXVariantGroup section */
		3AD808BF284F6E09000EA4D4 /* Main.storyboard */ = {
			isa = PBXVariantGroup;
			children = (
				3AD808C0284F6E09000EA4D4 /* Base */,
			);
			name = Main.storyboard;
			sourceTree = "<group>";
		};
		3AD808C4284F6E0B000EA4D4 /* LaunchScreen.storyboard */ = {
			isa = PBXVariantGroup;
			children = (
				3AD808C5284F6E0B000EA4D4 /* Base */,
			);
			name = LaunchScreen.storyboard;
			sourceTree = "<group>";
		};
/* End PBXVariantGroup section */

/* Begin XCBuildConfiguration section */
		3AD808DE284F6E0C000EA4D4 /* Debug */ = {
			isa = XCBuildConfiguration;
			buildSettings = {
				ALWAYS_SEARCH_USER_PATHS = NO;
				CLANG_ANALYZER_NONNULL = YES;
				CLANG_ANALYZER_NUMBER_OBJECT_CONVERSION = YES_AGGRESSIVE;
				CLANG_CXX_LANGUAGE_STANDARD = "gnu++17";
				CLANG_ENABLE_MODULES = YES;
				CLANG_ENABLE_OBJC_ARC = YES;
				CLANG_ENABLE_OBJC_WEAK = YES;
				CLANG_WARN_BLOCK_CAPTURE_AUTORELEASING = YES;
				CLANG_WARN_BOOL_CONVERSION = YES;
				CLANG_WARN_COMMA = YES;
				CLANG_WARN_CONSTANT_CONVERSION = YES;
				CLANG_WARN_DEPRECATED_OBJC_IMPLEMENTATIONS = YES;
				CLANG_WARN_DIRECT_OBJC_ISA_USAGE = YES_ERROR;
				CLANG_WARN_DOCUMENTATION_COMMENTS = YES;
				CLANG_WARN_EMPTY_BODY = YES;
				CLANG_WARN_ENUM_CONVERSION = YES;
				CLANG_WARN_INFINITE_RECURSION = YES;
				CLANG_WARN_INT_CONVERSION = YES;
				CLANG_WARN_NON_LITERAL_NULL_CONVERSION = YES;
				CLANG_WARN_OBJC_IMPLICIT_RETAIN_SELF = YES;
				CLANG_WARN_OBJC_LITERAL_CONVERSION = YES;
				CLANG_WARN_OBJC_ROOT_CLASS = YES_ERROR;
				CLANG_WARN_QUOTED_INCLUDE_IN_FRAMEWORK_HEADER = YES;
				CLANG_WARN_RANGE_LOOP_ANALYSIS = YES;
				CLANG_WARN_STRICT_PROTOTYPES = YES;
				CLANG_WARN_SUSPICIOUS_MOVE = YES;
				CLANG_WARN_UNGUARDED_AVAILABILITY = YES_AGGRESSIVE;
				CLANG_WARN_UNREACHABLE_CODE = YES;
				CLANG_WARN__DUPLICATE_METHOD_MATCH = YES;
				COPY_PHASE_STRIP = NO;
				DEBUG_INFORMATION_FORMAT = dwarf;
				ENABLE_STRICT_OBJC_MSGSEND = YES;
				ENABLE_TESTABILITY = YES;
				GCC_C_LANGUAGE_STANDARD = gnu11;
				GCC_DYNAMIC_NO_PIC = NO;
				GCC_NO_COMMON_BLOCKS = YES;
				GCC_OPTIMIZATION_LEVEL = 0;
				GCC_PREPROCESSOR_DEFINITIONS = (
					"DEBUG=1",
					"$(inherited)",
				);
				GCC_WARN_64_TO_32_BIT_CONVERSION = YES;
				GCC_WARN_ABOUT_RETURN_TYPE = YES_ERROR;
				GCC_WARN_UNDECLARED_SELECTOR = YES;
				GCC_WARN_UNINITIALIZED_AUTOS = YES_AGGRESSIVE;
				GCC_WARN_UNUSED_FUNCTION = YES;
				GCC_WARN_UNUSED_VARIABLE = YES;
				IPHONEOS_DEPLOYMENT_TARGET = 15.4;
				MTL_ENABLE_DEBUG_INFO = INCLUDE_SOURCE;
				MTL_FAST_MATH = YES;
				ONLY_ACTIVE_ARCH = YES;
				SDKROOT = iphoneos;
				SWIFT_ACTIVE_COMPILATION_CONDITIONS = DEBUG;
				SWIFT_OPTIMIZATION_LEVEL = "-Onone";
			};
			name = Debug;
		};
		3AD808DF284F6E0C000EA4D4 /* Release */ = {
			isa = XCBuildConfiguration;
			buildSettings = {
				ALWAYS_SEARCH_USER_PATHS = NO;
				CLANG_ANALYZER_NONNULL = YES;
				CLANG_ANALYZER_NUMBER_OBJECT_CONVERSION = YES_AGGRESSIVE;
				CLANG_CXX_LANGUAGE_STANDARD = "gnu++17";
				CLANG_ENABLE_MODULES = YES;
				CLANG_ENABLE_OBJC_ARC = YES;
				CLANG_ENABLE_OBJC_WEAK = YES;
				CLANG_WARN_BLOCK_CAPTURE_AUTORELEASING = YES;
				CLANG_WARN_BOOL_CONVERSION = YES;
				CLANG_WARN_COMMA = YES;
				CLANG_WARN_CONSTANT_CONVERSION = YES;
				CLANG_WARN_DEPRECATED_OBJC_IMPLEMENTATIONS = YES;
				CLANG_WARN_DIRECT_OBJC_ISA_USAGE = YES_ERROR;
				CLANG_WARN_DOCUMENTATION_COMMENTS = YES;
				CLANG_WARN_EMPTY_BODY = YES;
				CLANG_WARN_ENUM_CONVERSION = YES;
				CLANG_WARN_INFINITE_RECURSION = YES;
				CLANG_WARN_INT_CONVERSION = YES;
				CLANG_WARN_NON_LITERAL_NULL_CONVERSION = YES;
				CLANG_WARN_OBJC_IMPLICIT_RETAIN_SELF = YES;
				CLANG_WARN_OBJC_LITERAL_CONVERSION = YES;
				CLANG_WARN_OBJC_ROOT_CLASS = YES_ERROR;
				CLANG_WARN_QUOTED_INCLUDE_IN_FRAMEWORK_HEADER = YES;
				CLANG_WARN_RANGE_LOOP_ANALYSIS = YES;
				CLANG_WARN_STRICT_PROTOTYPES = YES;
				CLANG_WARN_SUSPICIOUS_MOVE = YES;
				CLANG_WARN_UNGUARDED_AVAILABILITY = YES_AGGRESSIVE;
				CLANG_WARN_UNREACHABLE_CODE = YES;
				CLANG_WARN__DUPLICATE_METHOD_MATCH = YES;
				COPY_PHASE_STRIP = NO;
				DEBUG_INFORMATION_FORMAT = "dwarf-with-dsym";
				ENABLE_NS_ASSERTIONS = NO;
				ENABLE_STRICT_OBJC_MSGSEND = YES;
				GCC_C_LANGUAGE_STANDARD = gnu11;
				GCC_NO_COMMON_BLOCKS = YES;
				GCC_WARN_64_TO_32_BIT_CONVERSION = YES;
				GCC_WARN_ABOUT_RETURN_TYPE = YES_ERROR;
				GCC_WARN_UNDECLARED_SELECTOR = YES;
				GCC_WARN_UNINITIALIZED_AUTOS = YES_AGGRESSIVE;
				GCC_WARN_UNUSED_FUNCTION = YES;
				GCC_WARN_UNUSED_VARIABLE = YES;
				IPHONEOS_DEPLOYMENT_TARGET = 15.4;
				MTL_ENABLE_DEBUG_INFO = NO;
				MTL_FAST_MATH = YES;
				SDKROOT = iphoneos;
				SWIFT_COMPILATION_MODE = wholemodule;
				SWIFT_OPTIMIZATION_LEVEL = "-O";
				VALIDATE_PRODUCT = YES;
			};
			name = Release;
		};
		3AD808E1284F6E0C000EA4D4 /* Debug */ = {
			isa = XCBuildConfiguration;
			buildSettings = {
				ASSETCATALOG_COMPILER_APPICON_NAME = AppIcon;
				ASSETCATALOG_COMPILER_GLOBAL_ACCENT_COLOR_NAME = AccentColor;
				CODE_SIGN_STYLE = Automatic;
				CURRENT_PROJECT_VERSION = 1;
				GENERATE_INFOPLIST_FILE = YES;
				INFOPLIST_FILE = NetworkLayer/Info.plist;
				INFOPLIST_KEY_UIApplicationSupportsIndirectInputEvents = YES;
				INFOPLIST_KEY_UILaunchStoryboardName = LaunchScreen;
				INFOPLIST_KEY_UIMainStoryboardFile = Main;
				INFOPLIST_KEY_UISupportedInterfaceOrientations_iPad = "UIInterfaceOrientationPortrait UIInterfaceOrientationPortraitUpsideDown UIInterfaceOrientationLandscapeLeft UIInterfaceOrientationLandscapeRight";
				INFOPLIST_KEY_UISupportedInterfaceOrientations_iPhone = "UIInterfaceOrientationPortrait UIInterfaceOrientationLandscapeLeft UIInterfaceOrientationLandscapeRight";
				LD_RUNPATH_SEARCH_PATHS = (
					"$(inherited)",
					"@executable_path/Frameworks",
				);
				MARKETING_VERSION = 1.0;
				PRODUCT_BUNDLE_IDENTIFIER = com.harsha.NetworkLayer;
				PRODUCT_NAME = "$(TARGET_NAME)";
				SWIFT_EMIT_LOC_STRINGS = YES;
				SWIFT_VERSION = 5.0;
				TARGETED_DEVICE_FAMILY = "1,2";
			};
			name = Debug;
		};
		3AD808E2284F6E0C000EA4D4 /* Release */ = {
			isa = XCBuildConfiguration;
			buildSettings = {
				ASSETCATALOG_COMPILER_APPICON_NAME = AppIcon;
				ASSETCATALOG_COMPILER_GLOBAL_ACCENT_COLOR_NAME = AccentColor;
				CODE_SIGN_STYLE = Automatic;
				CURRENT_PROJECT_VERSION = 1;
				GENERATE_INFOPLIST_FILE = YES;
				INFOPLIST_FILE = NetworkLayer/Info.plist;
				INFOPLIST_KEY_UIApplicationSupportsIndirectInputEvents = YES;
				INFOPLIST_KEY_UILaunchStoryboardName = LaunchScreen;
				INFOPLIST_KEY_UIMainStoryboardFile = Main;
				INFOPLIST_KEY_UISupportedInterfaceOrientations_iPad = "UIInterfaceOrientationPortrait UIInterfaceOrientationPortraitUpsideDown UIInterfaceOrientationLandscapeLeft UIInterfaceOrientationLandscapeRight";
				INFOPLIST_KEY_UISupportedInterfaceOrientations_iPhone = "UIInterfaceOrientationPortrait UIInterfaceOrientationLandscapeLeft UIInterfaceOrientationLandscapeRight";
				LD_RUNPATH_SEARCH_PATHS = (
					"$(inherited)",
					"@executable_path/Frameworks",
				);
				MARKETING_VERSION = 1.0;
				PRODUCT_BUNDLE_IDENTIFIER = com.harsha.NetworkLayer;
				PRODUCT_NAME = "$(TARGET_NAME)";
				SWIFT_EMIT_LOC_STRINGS = YES;
				SWIFT_VERSION = 5.0;
				TARGETED_DEVICE_FAMILY = "1,2";
			};
			name = Release;
		};
		3AD808E4284F6E0C000EA4D4 /* Debug */ = {
			isa = XCBuildConfiguration;
			buildSettings = {
				ALWAYS_EMBED_SWIFT_STANDARD_LIBRARIES = YES;
				BUNDLE_LOADER = "$(TEST_HOST)";
				CODE_SIGN_STYLE = Automatic;
				CURRENT_PROJECT_VERSION = 1;
				GENERATE_INFOPLIST_FILE = YES;
				IPHONEOS_DEPLOYMENT_TARGET = 15.4;
				MARKETING_VERSION = 1.0;
				PRODUCT_BUNDLE_IDENTIFIER = com.harsha.NetworkLayerTests;
				PRODUCT_NAME = "$(TARGET_NAME)";
				SWIFT_EMIT_LOC_STRINGS = NO;
				SWIFT_VERSION = 5.0;
				TARGETED_DEVICE_FAMILY = "1,2";
				TEST_HOST = "$(BUILT_PRODUCTS_DIR)/NetworkLayer.app/NetworkLayer";
			};
			name = Debug;
		};
		3AD808E5284F6E0C000EA4D4 /* Release */ = {
			isa = XCBuildConfiguration;
			buildSettings = {
				ALWAYS_EMBED_SWIFT_STANDARD_LIBRARIES = YES;
				BUNDLE_LOADER = "$(TEST_HOST)";
				CODE_SIGN_STYLE = Automatic;
				CURRENT_PROJECT_VERSION = 1;
				GENERATE_INFOPLIST_FILE = YES;
				IPHONEOS_DEPLOYMENT_TARGET = 15.4;
				MARKETING_VERSION = 1.0;
				PRODUCT_BUNDLE_IDENTIFIER = com.harsha.NetworkLayerTests;
				PRODUCT_NAME = "$(TARGET_NAME)";
				SWIFT_EMIT_LOC_STRINGS = NO;
				SWIFT_VERSION = 5.0;
				TARGETED_DEVICE_FAMILY = "1,2";
				TEST_HOST = "$(BUILT_PRODUCTS_DIR)/NetworkLayer.app/NetworkLayer";
			};
			name = Release;
		};
		3AD808E7284F6E0C000EA4D4 /* Debug */ = {
			isa = XCBuildConfiguration;
			buildSettings = {
				ALWAYS_EMBED_SWIFT_STANDARD_LIBRARIES = YES;
				CODE_SIGN_STYLE = Automatic;
				CURRENT_PROJECT_VERSION = 1;
				GENERATE_INFOPLIST_FILE = YES;
				MARKETING_VERSION = 1.0;
				PRODUCT_BUNDLE_IDENTIFIER = com.harsha.NetworkLayerUITests;
				PRODUCT_NAME = "$(TARGET_NAME)";
				SWIFT_EMIT_LOC_STRINGS = NO;
				SWIFT_VERSION = 5.0;
				TARGETED_DEVICE_FAMILY = "1,2";
				TEST_TARGET_NAME = NetworkLayer;
			};
			name = Debug;
		};
		3AD808E8284F6E0C000EA4D4 /* Release */ = {
			isa = XCBuildConfiguration;
			buildSettings = {
				ALWAYS_EMBED_SWIFT_STANDARD_LIBRARIES = YES;
				CODE_SIGN_STYLE = Automatic;
				CURRENT_PROJECT_VERSION = 1;
				GENERATE_INFOPLIST_FILE = YES;
				MARKETING_VERSION = 1.0;
				PRODUCT_BUNDLE_IDENTIFIER = com.harsha.NetworkLayerUITests;
				PRODUCT_NAME = "$(TARGET_NAME)";
				SWIFT_EMIT_LOC_STRINGS = NO;
				SWIFT_VERSION = 5.0;
				TARGETED_DEVICE_FAMILY = "1,2";
				TEST_TARGET_NAME = NetworkLayer;
			};
			name = Release;
		};
/* End XCBuildConfiguration section */

/* Begin XCConfigurationList section */
		3AD808B1284F6E09000EA4D4 /* Build configuration list for PBXProject "NetworkLayer" */ = {
			isa = XCConfigurationList;
			buildConfigurations = (
				3AD808DE284F6E0C000EA4D4 /* Debug */,
				3AD808DF284F6E0C000EA4D4 /* Release */,
			);
			defaultConfigurationIsVisible = 0;
			defaultConfigurationName = Release;
		};
		3AD808E0284F6E0C000EA4D4 /* Build configuration list for PBXNativeTarget "NetworkLayer" */ = {
			isa = XCConfigurationList;
			buildConfigurations = (
				3AD808E1284F6E0C000EA4D4 /* Debug */,
				3AD808E2284F6E0C000EA4D4 /* Release */,
			);
			defaultConfigurationIsVisible = 0;
			defaultConfigurationName = Release;
		};
		3AD808E3284F6E0C000EA4D4 /* Build configuration list for PBXNativeTarget "NetworkLayerTests" */ = {
			isa = XCConfigurationList;
			buildConfigurations = (
				3AD808E4284F6E0C000EA4D4 /* Debug */,
				3AD808E5284F6E0C000EA4D4 /* Release */,
			);
			defaultConfigurationIsVisible = 0;
			defaultConfigurationName = Release;
		};
		3AD808E6284F6E0C000EA4D4 /* Build configuration list for PBXNativeTarget "NetworkLayerUITests" */ = {
			isa = XCConfigurationList;
			buildConfigurations = (
				3AD808E7284F6E0C000EA4D4 /* Debug */,
				3AD808E8284F6E0C000EA4D4 /* Release */,
			);
			defaultConfigurationIsVisible = 0;
			defaultConfigurationName = Release;
		};
/* End XCConfigurationList section */
	};
	rootObject = 3AD808AE284F6E09000EA4D4 /* Project object */;
}
